PODS:
  - BanubaSdk (1.11.0):
    - BNBAcneEyebagsRemoval (= 1.11.0)
    - BNBBackground (= 1.11.0)
    - BNBBody (= 1.11.0)
    - BNBEffectPlayer (= 1.11.0)
    - BNBEyes (= 1.11.0)
    - BNBFaceMatch (= 1.11.0)
    - BNBFaceTracker (= 1.11.0)
    - BNBFaceTrackerLite (= 1.11.0)
    - BNBHair (= 1.11.0)
    - BNBHands (= 1.11.0)
    - BNBLips (= 1.11.0)
    - BNBMakeup (= 1.11.0)
    - BNBNeurobeautyMakeup (= 1.11.0)
    - BNBOcclusion (= 1.11.0)
    - BNBPoseEstimation (= 1.11.0)
    - BNBScripting (= 1.11.0)
    - BNBSdkApi (= 1.11.0)
    - BNBSdkCore (= 1.11.0)
    - BNBSkin (= 1.11.0)
    - BNBVisualClip (= 1.11.0)
    - BNBWatch (= 1.11.0)
  - BNBAcneEyebagsRemoval (1.11.0):
    - BNBEffectPlayer (= 1.11.0)
    - BNBFaceTracker (= 1.11.0)
    - BNBScripting (= 1.11.0)
    - BNBSdkCore (= 1.11.0)
  - BNBBackground (1.11.0):
    - BNBEffectPlayer (= 1.11.0)
    - BNBScripting (= 1.11.0)
    - BNBSdkCore (= 1.11.0)
  - BNBBody (1.11.0):
    - BNBEffectPlayer (= 1.11.0)
    - BNBScripting (= 1.11.0)
    - BNBSdkCore (= 1.11.0)
  - BNBEffectPlayer (1.11.0)
  - BNBEyes (1.11.0):
    - BNBEffectPlayer (= 1.11.0)
    - BNBFaceTracker (= 1.11.0)
    - BNBScripting (= 1.11.0)
    - BNBSdkCore (= 1.11.0)
  - BNBFaceMatch (1.11.0):
    - BNBFaceTracker (= 1.11.0)
    - BNBSdkCore (= 1.11.0)
  - BNBFaceTracker (1.11.0):
    - BNBEffectPlayer (= 1.11.0)
    - BNBScripting (= 1.11.0)
    - BNBSdkCore (= 1.11.0)
  - BNBFaceTrackerLite (1.11.0):
    - BNBEffectPlayer (= 1.11.0)
    - BNBScripting (= 1.11.0)
    - BNBSdkCore (= 1.11.0)
  - BNBHair (1.11.0):
    - BNBEffectPlayer (= 1.11.0)
    - BNBScripting (= 1.11.0)
    - BNBSdkCore (= 1.11.0)
  - BNBHands (1.11.0):
    - BNBEffectPlayer (= 1.11.0)
    - BNBScripting (= 1.11.0)
    - BNBSdkCore (= 1.11.0)
  - BNBLips (1.11.0):
    - BNBEffectPlayer (= 1.11.0)
    - BNBFaceTracker (= 1.11.0)
    - BNBScripting (= 1.11.0)
    - BNBSdkCore (= 1.11.0)
  - BNBMakeup (1.11.0):
    - BNBEffectPlayer (= 1.11.0)
    - BNBFaceTracker (= 1.11.0)
    - BNBLips (= 1.11.0)
    - BNBScripting (= 1.11.0)
    - BNBSdkCore (= 1.11.0)
    - BNBSkin (= 1.11.0)
  - BNBNeurobeautyMakeup (1.11.0):
    - BNBEffectPlayer (= 1.11.0)
    - BNBFaceTracker (= 1.11.0)
    - BNBScripting (= 1.11.0)
    - BNBSdkCore (= 1.11.0)
  - BNBOcclusion (1.11.0):
    - BNBEffectPlayer (= 1.11.0)
    - BNBFaceTracker (= 1.11.0)
    - BNBScripting (= 1.11.0)
    - BNBSdkCore (= 1.11.0)
  - BNBPoseEstimation (1.11.0):
    - BNBEffectPlayer (= 1.11.0)
    - BNBScripting (= 1.11.0)
    - BNBSdkCore (= 1.11.0)
  - BNBScripting (1.11.0)
  - BNBSdkApi (1.11.0):
    - BNBSdkCore (= 1.11.0)
  - BNBSdkCore (1.11.0)
  - BNBSkin (1.11.0):
    - BNBEffectPlayer (= 1.11.0)
    - BNBScripting (= 1.11.0)
    - BNBSdkCore (= 1.11.0)
  - BNBVisualClip (1.11.0):
    - BNBSdkCore (= 1.11.0)
  - BNBWatch (1.11.0):
    - BNBEffectPlayer (= 1.11.0)
    - BNBScripting (= 1.11.0)
    - BNBSdkCore (= 1.11.0)
  - Device (3.3.0)
  - Firebase (10.5.0):
    - Firebase/Core (= 10.5.0)
  - Firebase/Core (10.5.0):
    - Firebase/CoreOnly
    - FirebaseAnalytics (~> 10.5.0)
  - Firebase/CoreOnly (10.5.0):
    - FirebaseCore (= 10.5.0)
  - Firebase/Crashlytics (10.5.0):
    - Firebase/CoreOnly
    - FirebaseCrashlytics (~> 10.5.0)
  - FirebaseAnalytics (10.5.0):
    - FirebaseAnalytics/AdIdSupport (= 10.5.0)
    - FirebaseCore (~> 10.0)
    - FirebaseInstallations (~> 10.0)
    - GoogleUtilities/AppDelegateSwizzler (~> 7.8)
    - GoogleUtilities/MethodSwizzler (~> 7.8)
    - GoogleUtilities/Network (~> 7.8)
    - "GoogleUtilities/NSData+zlib (~> 7.8)"
    - nanopb (< 2.30910.0, >= 2.30908.0)
  - FirebaseAnalytics/AdIdSupport (10.5.0):
    - FirebaseCore (~> 10.0)
    - FirebaseInstallations (~> 10.0)
    - GoogleAppMeasurement (= 10.5.0)
    - GoogleUtilities/AppDelegateSwizzler (~> 7.8)
    - GoogleUtilities/MethodSwizzler (~> 7.8)
    - GoogleUtilities/Network (~> 7.8)
    - "GoogleUtilities/NSData+zlib (~> 7.8)"
    - nanopb (< 2.30910.0, >= 2.30908.0)
  - FirebaseCore (10.5.0):
    - FirebaseCoreInternal (~> 10.0)
    - GoogleUtilities/Environment (~> 7.8)
    - GoogleUtilities/Logger (~> 7.8)
  - FirebaseCoreInternal (10.13.0):
    - "GoogleUtilities/NSData+zlib (~> 7.8)"
  - FirebaseCrashlytics (10.5.0):
    - FirebaseCore (~> 10.0)
    - FirebaseInstallations (~> 10.0)
    - GoogleDataTransport (~> 9.2)
    - GoogleUtilities/Environment (~> 7.8)
    - nanopb (< 2.30910.0, >= 2.30908.0)
    - PromisesObjC (~> 2.1)
  - FirebaseDynamicLinks (10.13.0):
    - FirebaseCore (~> 10.0)
  - FirebaseInstallations (10.13.0):
    - FirebaseCore (~> 10.0)
    - GoogleUtilities/Environment (~> 7.8)
    - GoogleUtilities/UserDefaults (~> 7.8)
    - PromisesObjC (~> 2.1)
  - GoogleAppMeasurement (10.5.0):
    - GoogleAppMeasurement/AdIdSupport (= 10.5.0)
    - GoogleUtilities/AppDelegateSwizzler (~> 7.8)
    - GoogleUtilities/MethodSwizzler (~> 7.8)
    - GoogleUtilities/Network (~> 7.8)
    - "GoogleUtilities/NSData+zlib (~> 7.8)"
    - nanopb (< 2.30910.0, >= 2.30908.0)
  - GoogleAppMeasurement/AdIdSupport (10.5.0):
    - GoogleAppMeasurement/WithoutAdIdSupport (= 10.5.0)
    - GoogleUtilities/AppDelegateSwizzler (~> 7.8)
    - GoogleUtilities/MethodSwizzler (~> 7.8)
    - GoogleUtilities/Network (~> 7.8)
    - "GoogleUtilities/NSData+zlib (~> 7.8)"
    - nanopb (< 2.30910.0, >= 2.30908.0)
  - GoogleAppMeasurement/WithoutAdIdSupport (10.5.0):
    - GoogleUtilities/AppDelegateSwizzler (~> 7.8)
    - GoogleUtilities/MethodSwizzler (~> 7.8)
    - GoogleUtilities/Network (~> 7.8)
    - "GoogleUtilities/NSData+zlib (~> 7.8)"
    - nanopb (< 2.30910.0, >= 2.30908.0)
  - GoogleDataTransport (9.2.5):
    - GoogleUtilities/Environment (~> 7.7)
    - nanopb (< 2.30910.0, >= 2.30908.0)
    - PromisesObjC (< 3.0, >= 1.2)
  - GoogleUtilities/AppDelegateSwizzler (7.11.5):
    - GoogleUtilities/Environment
    - GoogleUtilities/Logger
    - GoogleUtilities/Network
  - GoogleUtilities/Environment (7.11.5):
    - PromisesObjC (< 3.0, >= 1.2)
  - GoogleUtilities/Logger (7.11.5):
    - GoogleUtilities/Environment
  - GoogleUtilities/MethodSwizzler (7.11.5):
    - GoogleUtilities/Logger
  - GoogleUtilities/Network (7.11.5):
    - GoogleUtilities/Logger
    - "GoogleUtilities/NSData+zlib"
    - GoogleUtilities/Reachability
  - "GoogleUtilities/NSData+zlib (7.11.5)"
  - GoogleUtilities/Reachability (7.11.5):
    - GoogleUtilities/Logger
  - GoogleUtilities/UserDefaults (7.11.5):
    - GoogleUtilities/Logger
  - nanopb (2.30909.0):
    - nanopb/decode (= 2.30909.0)
    - nanopb/encode (= 2.30909.0)
  - nanopb/decode (2.30909.0)
  - nanopb/encode (2.30909.0)
  - OpenCV (3.2.0):
    - OpenCV/Dynamic (= 3.2.0)
  - OpenCV/Dynamic (3.2.0)
  - PromisesObjC (2.3.1)

DEPENDENCIES:
  - BanubaSdk (= 1.11.0)
  - Device (~> 3.3.0)
  - Firebase (= 10.5.0)
  - Firebase/Crashlytics
  - FirebaseDynamicLinks
  - OpenCV (= 3.2.0)

SPEC REPOS:
  https://github.com/CocoaPods/Specs.git:
    - Device
    - Firebase
    - FirebaseAnalytics
    - FirebaseCore
    - FirebaseCoreInternal
    - FirebaseCrashlytics
    - FirebaseDynamicLinks
    - FirebaseInstallations
    - GoogleAppMeasurement
    - GoogleDataTransport
    - GoogleUtilities
    - nanopb
    - OpenCV
    - PromisesObjC
  https://github.com/sdk-banuba/banuba-sdk-podspecs.git:
    - BanubaSdk
    - BNBAcneEyebagsRemoval
    - BNBBackground
    - BNBBody
    - BNBEffectPlayer
    - BNBEyes
    - BNBFaceMatch
    - BNBFaceTracker
    - BNBFaceTrackerLite
    - BNBHair
    - BNBHands
    - BNBLips
    - BNBMakeup
    - BNBNeurobeautyMakeup
    - BNBOcclusion
    - BNBPoseEstimation
    - BNBScripting
    - BNBSdkApi
    - BNBSdkCore
    - BNBSkin
    - BNBVisualClip
    - BNBWatch

SPEC CHECKSUMS:
  BanubaSdk: a50106afc9aa04dae1f2559af158bff877d41478
  BNBAcneEyebagsRemoval: 8a5c86543c5c8b22ab7f8003fcd120b4840e0a9c
  BNBBackground: ca0d0acdb77d1c6f14b6f9a8d7a2255998415945
  BNBBody: 3a9d6c131c88259acd4fc74c3b161b1106563806
  BNBEffectPlayer: 2f1daf3457c39e6a374d0e0e871ee797d74edd3b
  BNBEyes: b98c2f2057bbc0008562b76033e31394d9c706f3
  BNBFaceMatch: c1ea14e965f9a20ee1ca70ebc84cf15e8da26bb4
  BNBFaceTracker: 97893e71c6c7c74d80a92660fe2fd89daff196ce
  BNBFaceTrackerLite: dcede89f07ba3c4df7e3381c1c308624e9a33be2
  BNBHair: c5d44389fb04de4a050b9c17f736cacf091259f9
  BNBHands: c30cba82e7b4041ff91893d8b96d32a9047b0ba1
  BNBLips: 10ec30a5ccc22591a9d5dee80794179ba93bb512
  BNBMakeup: c7a77853185db74cfe5f4ce19d6af50510b5ec8a
  BNBNeurobeautyMakeup: 75a18fdfe7c5abe635fca70fe8dbbf184481ca89
  BNBOcclusion: a355122fe9ba2dc2031037a9a0a590076d33a96b
  BNBPoseEstimation: b6b3acce0645e83e1f916792abc2fa6eca7919ca
  BNBScripting: dd98a9f0a12243e8f657c65a18dfc978f96e02eb
  BNBSdkApi: c36efb649120e00d761503fab6afe30ee93cbdbf
  BNBSdkCore: d648ce60a78ad1f368fc56f7c9cc4f61f96d4c4c
  BNBSkin: a597f401880d153a6a330dcee31771f864607a32
  BNBVisualClip: eef8721821ec9cf711e051b32ee787bec41c8292
  BNBWatch: b04eef372d37d312cc81fbef9bea5033d23102cb
  Device: 13fee97cff0d18d2ee8654819b95a68995d2f159
  Firebase: 3d6637234ab163e31852834617b4fe1df3b7af6d
  FirebaseAnalytics: 6f7430030cb6b22fe1db2e3bed782e999b76dc00
  FirebaseCore: 324b8d182d9ff7e3f6d1fa2f04b082d1c7a3e366
  FirebaseCoreInternal: b342e37cd4f5b4454ec34308f073420e7920858e
  FirebaseCrashlytics: ea94bc81f67d5d4702d0c782da13e1483217bac8
  FirebaseDynamicLinks: 48cadbb115d5f93efda71b927673f79fa24ad141
  FirebaseInstallations: b28af1b9f997f1a799efe818c94695a3728c352f
  GoogleAppMeasurement: 40c70a7d89013f0eca72006c4b9732163ea4cdae
  GoogleDataTransport: 54dee9d48d14580407f8f5fbf2f496e92437a2f2
  GoogleUtilities: 13e2c67ede716b8741c7989e26893d151b2b2084
  nanopb: b552cce312b6c8484180ef47159bc0f65a1f0431
  OpenCV: 0f7ab403d1e81769bc6f4f524c3c6928ecb1fdb8
  PromisesObjC: c50d2056b5253dadbd6c2bea79b0674bd5a52fa4

PODFILE CHECKSUM: 7eef40a180bc6cea74b694babfbca19bd2661e07

COCOAPODS: 1.11.3
